
Microsoft Visual Studio Solution File, Format Version 12.00
# Visual Studio Version 16
VisualStudioVersion = 16.0.33214.272
MinimumVisualStudioVersion = 10.0.40219.1
Project("{FAE04EC0-301F-11D3-BF4B-00C04F79EFBC}") = "Task1", "Task1\Task1.csproj", "{AC00A3B1-0B65-4899-81B6-FCB81E362540}"
EndProject
Project("{FAE04EC0-301F-11D3-BF4B-00C04F79EFBC}") = "Task2", "Task2\Task2.csproj", "{ED76814D-3406-495F-9725-370DDF6EA89A}"
EndProject
Project("{FAE04EC0-301F-11D3-BF4B-00C04F79EFBC}") = "Task3", "Task3\Task3.csproj", "{57719386-F4EC-43F1-ACAA-7B0A126EB335}"
EndProject
Project("{FAE04EC0-301F-11D3-BF4B-00C04F79EFBC}") = "Task4", "Task4\Task4.csproj", "{1EDE1F5D-F341-4D26-8247-1BAA4A2268A5}"
EndProject
Project("{FAE04EC0-301F-11D3-BF4B-00C04F79EFBC}") = "Task5", "Task5\Task5.csproj", "{2F8F2A60-F3CB-4ABF-ADA5-C28A445D1E38}"
EndProject
Global
	GlobalSection(SolutionConfigurationPlatforms) = preSolution
		Debug|Any CPU = Debug|Any CPU
		Release|Any CPU = Release|Any CPU
	EndGlobalSection
	GlobalSection(ProjectConfigurationPlatforms) = postSolution
		{AC00A3B1-0B65-4899-81B6-FCB81E362540}.Debug|Any CPU.ActiveCfg = Debug|Any CPU
		{AC00A3B1-0B65-4899-81B6-FCB81E362540}.Debug|Any CPU.Build.0 = Debug|Any CPU
		{AC00A3B1-0B65-4899-81B6-FCB81E362540}.Release|Any CPU.ActiveCfg = Release|Any CPU
		{AC00A3B1-0B65-4899-81B6-FCB81E362540}.Release|Any CPU.Build.0 = Release|Any CPU
		{ED76814D-3406-495F-9725-370DDF6EA89A}.Debug|Any CPU.ActiveCfg = Debug|Any CPU
		{ED76814D-3406-495F-9725-370DDF6EA89A}.Debug|Any CPU.Build.0 = Debug|Any CPU
		{ED76814D-3406-495F-9725-370DDF6EA89A}.Release|Any CPU.ActiveCfg = Release|Any CPU
		{ED76814D-3406-495F-9725-370DDF6EA89A}.Release|Any CPU.Build.0 = Release|Any CPU
		{57719386-F4EC-43F1-ACAA-7B0A126EB335}.Debug|Any CPU.ActiveCfg = Debug|Any CPU
		{57719386-F4EC-43F1-ACAA-7B0A126EB335}.Debug|Any CPU.Build.0 = Debug|Any CPU
		{57719386-F4EC-43F1-ACAA-7B0A126EB335}.Release|Any CPU.ActiveCfg = Release|Any CPU
		{57719386-F4EC-43F1-ACAA-7B0A126EB335}.Release|Any CPU.Build.0 = Release|Any CPU
		{1EDE1F5D-F341-4D26-8247-1BAA4A2268A5}.Debug|Any CPU.ActiveCfg = Debug|Any CPU
		{1EDE1F5D-F341-4D26-8247-1BAA4A2268A5}.Debug|Any CPU.Build.0 = Debug|Any CPU
		{1EDE1F5D-F341-4D26-8247-1BAA4A2268A5}.Release|Any CPU.ActiveCfg = Release|Any CPU
		{1EDE1F5D-F341-4D26-8247-1BAA4A2268A5}.Release|Any CPU.Build.0 = Release|Any CPU
		{2F8F2A60-F3CB-4ABF-ADA5-C28A445D1E38}.Debug|Any CPU.ActiveCfg = Debug|Any CPU
		{2F8F2A60-F3CB-4ABF-ADA5-C28A445D1E38}.Debug|Any CPU.Build.0 = Debug|Any CPU
		{2F8F2A60-F3CB-4ABF-ADA5-C28A445D1E38}.Release|Any CPU.ActiveCfg = Release|Any CPU
		{2F8F2A60-F3CB-4ABF-ADA5-C28A445D1E38}.Release|Any CPU.Build.0 = Release|Any CPU
	EndGlobalSection
	GlobalSection(SolutionProperties) = preSolution
		HideSolutionNode = FALSE
	EndGlobalSection
	GlobalSection(ExtensibilityGlobals) = postSolution
		SolutionGuid = {B790842A-6862-49D0-B2E6-0AF29DED0EC5}
	EndGlobalSection
EndGlobal
